
Microsoft Visual Studio Solution File, Format Version 12.00
# Visual Studio Version 17
VisualStudioVersion = 17.1.32319.34
MinimumVisualStudioVersion = 10.0.40219.1
Project("{2150E333-8FDC-42A3-9474-1A3956D46DE8}") = "Services", "Services", "{636891D8-D45D-4305-8484-552CA6CE49D4}"
EndProject
Project("{2150E333-8FDC-42A3-9474-1A3956D46DE8}") = "Catalog", "Catalog", "{C331D4A8-ABD4-47C1-AF93-F7CBAFEF108C}"
EndProject
Project("{9A19103F-16F7-4668-BE54-9A1E7A4F7556}") = "Catalog.API", "Services\Catalog\Catalog.API\Catalog.API.csproj", "{0A2E0D1F-740D-447F-9215-69FF62E05D35}"
EndProject
Project("{E53339B2-1760-4266-BCC7-CA923CBCF16C}") = "docker-compose", "docker-compose.dcproj", "{D324DF9A-C026-4DDC-BC23-63905E85D7DE}"
EndProject
Project("{2150E333-8FDC-42A3-9474-1A3956D46DE8}") = "Basket", "Basket", "{49B3A638-C749-4D09-8788-A96BB557767A}"
EndProject
Project("{9A19103F-16F7-4668-BE54-9A1E7A4F7556}") = "Basket.API", "Services\Basket\Basket.API\Basket.API.csproj", "{2EBCC607-9977-4BC3-84DB-A4EAC84A6046}"
EndProject
Project("{2150E333-8FDC-42A3-9474-1A3956D46DE8}") = "Discount", "Discount", "{70BD9A37-892A-4150-A1BC-116E62CF3ADF}"
EndProject
Project("{9A19103F-16F7-4668-BE54-9A1E7A4F7556}") = "Discount.API", "Services\Discount\Discount.API\Discount.API.csproj", "{BF52FE0C-CC7D-4149-A32C-3441C5AEE2B2}"
EndProject
Project("{9A19103F-16F7-4668-BE54-9A1E7A4F7556}") = "Discount.Grpc", "Services\Discount\Discount.Grpc\Discount.Grpc.csproj", "{EF472BC4-2795-4CFA-96ED-E4D411788500}"
EndProject
Project("{2150E333-8FDC-42A3-9474-1A3956D46DE8}") = "Ordering", "Ordering", "{631E1F9B-A4DA-4784-BAD1-771AA77EDC9F}"
EndProject
Project("{9A19103F-16F7-4668-BE54-9A1E7A4F7556}") = "Ordering.API", "Services\Ordering\Ordering.API\Ordering.API.csproj", "{D8671E1E-B7C4-4680-B22B-BAFB47C2F2EB}"
EndProject
Project("{FAE04EC0-301F-11D3-BF4B-00C04F79EFBC}") = "Ordering.Domain", "Services\Ordering\Ordering.Domain\Ordering.Domain.csproj", "{2415F988-FAC0-45FC-83DB-95D68E1E5F72}"
EndProject
Project("{FAE04EC0-301F-11D3-BF4B-00C04F79EFBC}") = "Ordering.Application", "Services\Ordering\Ordering.Application\Ordering.Application.csproj", "{C4740E64-F135-4CA1-96E8-0C80770B4B7F}"
EndProject
Project("{FAE04EC0-301F-11D3-BF4B-00C04F79EFBC}") = "Ordering.Infrastructure", "Services\Ordering\Ordering.Infrastructure\Ordering.Infrastructure.csproj", "{F15035A1-CCA5-435D-9A4A-27E9C8F19C8E}"
EndProject
Global
	GlobalSection(SolutionConfigurationPlatforms) = preSolution
		Debug|Any CPU = Debug|Any CPU
		Release|Any CPU = Release|Any CPU
	EndGlobalSection
	GlobalSection(ProjectConfigurationPlatforms) = postSolution
		{0A2E0D1F-740D-447F-9215-69FF62E05D35}.Debug|Any CPU.ActiveCfg = Debug|Any CPU
		{0A2E0D1F-740D-447F-9215-69FF62E05D35}.Debug|Any CPU.Build.0 = Debug|Any CPU
		{0A2E0D1F-740D-447F-9215-69FF62E05D35}.Release|Any CPU.ActiveCfg = Release|Any CPU
		{0A2E0D1F-740D-447F-9215-69FF62E05D35}.Release|Any CPU.Build.0 = Release|Any CPU
		{D324DF9A-C026-4DDC-BC23-63905E85D7DE}.Debug|Any CPU.ActiveCfg = Debug|Any CPU
		{D324DF9A-C026-4DDC-BC23-63905E85D7DE}.Debug|Any CPU.Build.0 = Debug|Any CPU
		{D324DF9A-C026-4DDC-BC23-63905E85D7DE}.Release|Any CPU.ActiveCfg = Release|Any CPU
		{D324DF9A-C026-4DDC-BC23-63905E85D7DE}.Release|Any CPU.Build.0 = Release|Any CPU
		{2EBCC607-9977-4BC3-84DB-A4EAC84A6046}.Debug|Any CPU.ActiveCfg = Debug|Any CPU
		{2EBCC607-9977-4BC3-84DB-A4EAC84A6046}.Debug|Any CPU.Build.0 = Debug|Any CPU
		{2EBCC607-9977-4BC3-84DB-A4EAC84A6046}.Release|Any CPU.ActiveCfg = Release|Any CPU
		{2EBCC607-9977-4BC3-84DB-A4EAC84A6046}.Release|Any CPU.Build.0 = Release|Any CPU
		{BF52FE0C-CC7D-4149-A32C-3441C5AEE2B2}.Debug|Any CPU.ActiveCfg = Debug|Any CPU
		{BF52FE0C-CC7D-4149-A32C-3441C5AEE2B2}.Debug|Any CPU.Build.0 = Debug|Any CPU
		{BF52FE0C-CC7D-4149-A32C-3441C5AEE2B2}.Release|Any CPU.ActiveCfg = Release|Any CPU
		{BF52FE0C-CC7D-4149-A32C-3441C5AEE2B2}.Release|Any CPU.Build.0 = Release|Any CPU
		{EF472BC4-2795-4CFA-96ED-E4D411788500}.Debug|Any CPU.ActiveCfg = Debug|Any CPU
		{EF472BC4-2795-4CFA-96ED-E4D411788500}.Debug|Any CPU.Build.0 = Debug|Any CPU
		{EF472BC4-2795-4CFA-96ED-E4D411788500}.Release|Any CPU.ActiveCfg = Release|Any CPU
		{EF472BC4-2795-4CFA-96ED-E4D411788500}.Release|Any CPU.Build.0 = Release|Any CPU
		{D8671E1E-B7C4-4680-B22B-BAFB47C2F2EB}.Debug|Any CPU.ActiveCfg = Debug|Any CPU
		{D8671E1E-B7C4-4680-B22B-BAFB47C2F2EB}.Debug|Any CPU.Build.0 = Debug|Any CPU
		{D8671E1E-B7C4-4680-B22B-BAFB47C2F2EB}.Release|Any CPU.ActiveCfg = Release|Any CPU
		{D8671E1E-B7C4-4680-B22B-BAFB47C2F2EB}.Release|Any CPU.Build.0 = Release|Any CPU
		{2415F988-FAC0-45FC-83DB-95D68E1E5F72}.Debug|Any CPU.ActiveCfg = Debug|Any CPU
		{2415F988-FAC0-45FC-83DB-95D68E1E5F72}.Debug|Any CPU.Build.0 = Debug|Any CPU
		{2415F988-FAC0-45FC-83DB-95D68E1E5F72}.Release|Any CPU.ActiveCfg = Release|Any CPU
		{2415F988-FAC0-45FC-83DB-95D68E1E5F72}.Release|Any CPU.Build.0 = Release|Any CPU
		{C4740E64-F135-4CA1-96E8-0C80770B4B7F}.Debug|Any CPU.ActiveCfg = Debug|Any CPU
		{C4740E64-F135-4CA1-96E8-0C80770B4B7F}.Debug|Any CPU.Build.0 = Debug|Any CPU
		{C4740E64-F135-4CA1-96E8-0C80770B4B7F}.Release|Any CPU.ActiveCfg = Release|Any CPU
		{C4740E64-F135-4CA1-96E8-0C80770B4B7F}.Release|Any CPU.Build.0 = Release|Any CPU
		{F15035A1-CCA5-435D-9A4A-27E9C8F19C8E}.Debug|Any CPU.ActiveCfg = Debug|Any CPU
		{F15035A1-CCA5-435D-9A4A-27E9C8F19C8E}.Debug|Any CPU.Build.0 = Debug|Any CPU
		{F15035A1-CCA5-435D-9A4A-27E9C8F19C8E}.Release|Any CPU.ActiveCfg = Release|Any CPU
		{F15035A1-CCA5-435D-9A4A-27E9C8F19C8E}.Release|Any CPU.Build.0 = Release|Any CPU
	EndGlobalSection
	GlobalSection(SolutionProperties) = preSolution
		HideSolutionNode = FALSE
	EndGlobalSection
	GlobalSection(NestedProjects) = preSolution
		{C331D4A8-ABD4-47C1-AF93-F7CBAFEF108C} = {636891D8-D45D-4305-8484-552CA6CE49D4}
		{0A2E0D1F-740D-447F-9215-69FF62E05D35} = {C331D4A8-ABD4-47C1-AF93-F7CBAFEF108C}
		{49B3A638-C749-4D09-8788-A96BB557767A} = {636891D8-D45D-4305-8484-552CA6CE49D4}
		{2EBCC607-9977-4BC3-84DB-A4EAC84A6046} = {49B3A638-C749-4D09-8788-A96BB557767A}
		{70BD9A37-892A-4150-A1BC-116E62CF3ADF} = {636891D8-D45D-4305-8484-552CA6CE49D4}
		{BF52FE0C-CC7D-4149-A32C-3441C5AEE2B2} = {70BD9A37-892A-4150-A1BC-116E62CF3ADF}
		{EF472BC4-2795-4CFA-96ED-E4D411788500} = {70BD9A37-892A-4150-A1BC-116E62CF3ADF}
		{631E1F9B-A4DA-4784-BAD1-771AA77EDC9F} = {636891D8-D45D-4305-8484-552CA6CE49D4}
		{D8671E1E-B7C4-4680-B22B-BAFB47C2F2EB} = {631E1F9B-A4DA-4784-BAD1-771AA77EDC9F}
		{2415F988-FAC0-45FC-83DB-95D68E1E5F72} = {631E1F9B-A4DA-4784-BAD1-771AA77EDC9F}
		{C4740E64-F135-4CA1-96E8-0C80770B4B7F} = {631E1F9B-A4DA-4784-BAD1-771AA77EDC9F}
		{F15035A1-CCA5-435D-9A4A-27E9C8F19C8E} = {631E1F9B-A4DA-4784-BAD1-771AA77EDC9F}
	EndGlobalSection
	GlobalSection(ExtensibilityGlobals) = postSolution
		SolutionGuid = {D2053ED2-C5DC-4F05-9B73-E6062CFE6EF6}
	EndGlobalSection
EndGlobal
